// !$*UTF8*$!
{
	archiveVersion = 1;
	classes = {
	};
	objectVersion = 51;
	objects = {

/* Begin PBXBuildFile section */
		4005A19E24AB91B300BE556F /* UIImageExtension.swift in Sources */ = {isa = PBXBuildFile; fileRef = 4005A19D24AB91B300BE556F /* UIImageExtension.swift */; };
		401715B124A3E92C002D86E0 /* ActiveSessionsTableViewController.swift in Sources */ = {isa = PBXBuildFile; fileRef = 401715B024A3E92C002D86E0 /* ActiveSessionsTableViewController.swift */; };
		401715B324A3E977002D86E0 /* VotingSession.storyboard in Resources */ = {isa = PBXBuildFile; fileRef = 401715B224A3E977002D86E0 /* VotingSession.storyboard */; };
		401715B524A41A57002D86E0 /* VotingSessionInvite.swift in Sources */ = {isa = PBXBuildFile; fileRef = 401715B424A41A56002D86E0 /* VotingSessionInvite.swift */; };
		408D8A2824ACE35700238674 /* StyleGuide.swift in Sources */ = {isa = PBXBuildFile; fileRef = 408D8A2724ACE35700238674 /* StyleGuide.swift */; };
		408D8A3024ACE76000238674 /* CustomImageView.swift in Sources */ = {isa = PBXBuildFile; fileRef = 408D8A2F24ACE76000238674 /* CustomImageView.swift */; };
		408D8A3224ACE77100238674 /* CustomTextField.swift in Sources */ = {isa = PBXBuildFile; fileRef = 408D8A3124ACE77100238674 /* CustomTextField.swift */; };
		408D8A3424ACE78200238674 /* CustomButton.swift in Sources */ = {isa = PBXBuildFile; fileRef = 408D8A3324ACE78200238674 /* CustomButton.swift */; };
		408D8A3624ACE79000238674 /* CustomLabel.swift in Sources */ = {isa = PBXBuildFile; fileRef = 408D8A3524ACE79000238674 /* CustomLabel.swift */; };
		40B2583524A115D30090495C /* AppDelegate.swift in Sources */ = {isa = PBXBuildFile; fileRef = 40B2583424A115D30090495C /* AppDelegate.swift */; };
		40B2583724A115D30090495C /* SceneDelegate.swift in Sources */ = {isa = PBXBuildFile; fileRef = 40B2583624A115D30090495C /* SceneDelegate.swift */; };
		40B2583C24A115D30090495C /* Main.storyboard in Resources */ = {isa = PBXBuildFile; fileRef = 40B2583A24A115D30090495C /* Main.storyboard */; };
		40B2583E24A115D80090495C /* Assets.xcassets in Resources */ = {isa = PBXBuildFile; fileRef = 40B2583D24A115D80090495C /* Assets.xcassets */; };
		40B2584124A115D80090495C /* LaunchScreen.storyboard in Resources */ = {isa = PBXBuildFile; fileRef = 40B2583F24A115D80090495C /* LaunchScreen.storyboard */; };
		40B2587824A12C5B0090495C /* UIViewControllerExtension.swift in Sources */ = {isa = PBXBuildFile; fileRef = 40B2587724A12C5B0090495C /* UIViewControllerExtension.swift */; };
		40B2587A24A13D870090495C /* User.swift in Sources */ = {isa = PBXBuildFile; fileRef = 40B2587924A13D870090495C /* User.swift */; };
		40B2587C24A143910090495C /* UserController.swift in Sources */ = {isa = PBXBuildFile; fileRef = 40B2587B24A143910090495C /* UserController.swift */; };
		40B2587E24A1528D0090495C /* WhereToError.swift in Sources */ = {isa = PBXBuildFile; fileRef = 40B2587D24A1528D0090495C /* WhereToError.swift */; };
		40B2588024A154800090495C /* LoginSignUpViewController.swift in Sources */ = {isa = PBXBuildFile; fileRef = 40B2587F24A154800090495C /* LoginSignUpViewController.swift */; };
		40B2588224A156460090495C /* TabViewHome.storyboard in Resources */ = {isa = PBXBuildFile; fileRef = 40B2588124A156460090495C /* TabViewHome.storyboard */; };
		40B2588424A15CA20090495C /* GoogleService-Info.plist in Resources */ = {isa = PBXBuildFile; fileRef = 40B2588324A15CA20090495C /* GoogleService-Info.plist */; };
		40B2588624A16EDE0090495C /* FriendRequest.swift in Sources */ = {isa = PBXBuildFile; fileRef = 40B2588524A16EDE0090495C /* FriendRequest.swift */; };
		40B2588824A16EEC0090495C /* Restaurant.swift in Sources */ = {isa = PBXBuildFile; fileRef = 40B2588724A16EEC0090495C /* Restaurant.swift */; };
		40B2588A24A16EF20090495C /* VotingSession.swift in Sources */ = {isa = PBXBuildFile; fileRef = 40B2588924A16EF20090495C /* VotingSession.swift */; };
		40B2588C24A16EF70090495C /* Vote.swift in Sources */ = {isa = PBXBuildFile; fileRef = 40B2588B24A16EF70090495C /* Vote.swift */; };
		40B2588F24A16F0A0090495C /* FriendRequestController.swift in Sources */ = {isa = PBXBuildFile; fileRef = 40B2588E24A16F0A0090495C /* FriendRequestController.swift */; };
		40B2589124A16F150090495C /* RestaurantController.swift in Sources */ = {isa = PBXBuildFile; fileRef = 40B2589024A16F150090495C /* RestaurantController.swift */; };
		40B2589324A16F1F0090495C /* VotingSessionController.swift in Sources */ = {isa = PBXBuildFile; fileRef = 40B2589224A16F1F0090495C /* VotingSessionController.swift */; };
		40B2589724A251BE0090495C /* RestaurantTableViewCell.swift in Sources */ = {isa = PBXBuildFile; fileRef = 40B2589524A251BE0090495C /* RestaurantTableViewCell.swift */; };
		40B2589824A251BE0090495C /* RestaurantTableViewCell.xib in Resources */ = {isa = PBXBuildFile; fileRef = 40B2589624A251BE0090495C /* RestaurantTableViewCell.xib */; };
		40B2589A24A251C90090495C /* FriendTableViewCell.swift in Sources */ = {isa = PBXBuildFile; fileRef = 40B2589924A251C90090495C /* FriendTableViewCell.swift */; };
		40B258A424A253440090495C /* ProfileViewController.swift in Sources */ = {isa = PBXBuildFile; fileRef = 40B258A324A253440090495C /* ProfileViewController.swift */; };
		40B258A624A253560090495C /* InviteFriendsTableViewController.swift in Sources */ = {isa = PBXBuildFile; fileRef = 40B258A524A253560090495C /* InviteFriendsTableViewController.swift */; };
		40B258A824A253610090495C /* HistoryTableViewController.swift in Sources */ = {isa = PBXBuildFile; fileRef = 40B258A724A253610090495C /* HistoryTableViewController.swift */; };
		40B258AA24A253700090495C /* SavedRestaurantsTableViewController.swift in Sources */ = {isa = PBXBuildFile; fileRef = 40B258A924A253700090495C /* SavedRestaurantsTableViewController.swift */; };
		40B258AC24A2537E0090495C /* VotingSessionTableViewController.swift in Sources */ = {isa = PBXBuildFile; fileRef = 40B258AB24A2537E0090495C /* VotingSessionTableViewController.swift */; };
		7830709524AAA6A4001876C5 /* RestaurantSearchViewController.swift in Sources */ = {isa = PBXBuildFile; fileRef = 7830709424AAA6A4001876C5 /* RestaurantSearchViewController.swift */; };
		7830709724AACD24001876C5 /* SearchViewController.storyboard in Resources */ = {isa = PBXBuildFile; fileRef = 7830709624AACD24001876C5 /* SearchViewController.storyboard */; };
		78508DB224A296BD00A525FF /* Profile.storyboard in Resources */ = {isa = PBXBuildFile; fileRef = 78508DB124A296BD00A525FF /* Profile.storyboard */; };
		78508DB424A296DB00A525FF /* History.storyboard in Resources */ = {isa = PBXBuildFile; fileRef = 78508DB324A296DB00A525FF /* History.storyboard */; };
		78508DB624A296FA00A525FF /* Favorites.storyboard in Resources */ = {isa = PBXBuildFile; fileRef = 78508DB524A296FA00A525FF /* Favorites.storyboard */; };
		78508DB824A2987900A525FF /* WhereTo.storyboard in Resources */ = {isa = PBXBuildFile; fileRef = 78508DB724A2987900A525FF /* WhereTo.storyboard */; };
		786B5F2624ACF39200A3445F /* Colors.xcassets in Resources */ = {isa = PBXBuildFile; fileRef = 786B5F2524ACF39200A3445F /* Colors.xcassets */; };
		BC8B5353175386317AFE3306 /* Pods_WhereTo.framework in Frameworks */ = {isa = PBXBuildFile; fileRef = 0C97E80CC5B8301C04493D6F /* Pods_WhereTo.framework */; };
/* End PBXBuildFile section */

/* Begin PBXFileReference section */
		0C97E80CC5B8301C04493D6F /* Pods_WhereTo.framework */ = {isa = PBXFileReference; explicitFileType = wrapper.framework; includeInIndex = 0; path = Pods_WhereTo.framework; sourceTree = BUILT_PRODUCTS_DIR; };
		4005A19D24AB91B300BE556F /* UIImageExtension.swift */ = {isa = PBXFileReference; lastKnownFileType = sourcecode.swift; path = UIImageExtension.swift; sourceTree = "<group>"; };
		401715B024A3E92C002D86E0 /* ActiveSessionsTableViewController.swift */ = {isa = PBXFileReference; lastKnownFileType = sourcecode.swift; path = ActiveSessionsTableViewController.swift; sourceTree = "<group>"; };
		401715B224A3E977002D86E0 /* VotingSession.storyboard */ = {isa = PBXFileReference; fileEncoding = 4; lastKnownFileType = file.storyboard; path = VotingSession.storyboard; sourceTree = "<group>"; };
		401715B424A41A56002D86E0 /* VotingSessionInvite.swift */ = {isa = PBXFileReference; lastKnownFileType = sourcecode.swift; path = VotingSessionInvite.swift; sourceTree = "<group>"; };
		408D8A2724ACE35700238674 /* StyleGuide.swift */ = {isa = PBXFileReference; lastKnownFileType = sourcecode.swift; path = StyleGuide.swift; sourceTree = "<group>"; };
		408D8A2F24ACE76000238674 /* CustomImageView.swift */ = {isa = PBXFileReference; lastKnownFileType = sourcecode.swift; path = CustomImageView.swift; sourceTree = "<group>"; };
		408D8A3124ACE77100238674 /* CustomTextField.swift */ = {isa = PBXFileReference; lastKnownFileType = sourcecode.swift; path = CustomTextField.swift; sourceTree = "<group>"; };
		408D8A3324ACE78200238674 /* CustomButton.swift */ = {isa = PBXFileReference; lastKnownFileType = sourcecode.swift; path = CustomButton.swift; sourceTree = "<group>"; };
		408D8A3524ACE79000238674 /* CustomLabel.swift */ = {isa = PBXFileReference; lastKnownFileType = sourcecode.swift; path = CustomLabel.swift; sourceTree = "<group>"; };
		40B2583124A115D30090495C /* WhereTo.app */ = {isa = PBXFileReference; explicitFileType = wrapper.application; includeInIndex = 0; path = WhereTo.app; sourceTree = BUILT_PRODUCTS_DIR; };
		40B2583424A115D30090495C /* AppDelegate.swift */ = {isa = PBXFileReference; lastKnownFileType = sourcecode.swift; path = AppDelegate.swift; sourceTree = "<group>"; };
		40B2583624A115D30090495C /* SceneDelegate.swift */ = {isa = PBXFileReference; lastKnownFileType = sourcecode.swift; path = SceneDelegate.swift; sourceTree = "<group>"; };
		40B2583B24A115D30090495C /* Base */ = {isa = PBXFileReference; lastKnownFileType = file.storyboard; name = Base; path = Base.lproj/Main.storyboard; sourceTree = "<group>"; };
		40B2583D24A115D80090495C /* Assets.xcassets */ = {isa = PBXFileReference; lastKnownFileType = folder.assetcatalog; path = Assets.xcassets; sourceTree = "<group>"; };
		40B2584024A115D80090495C /* Base */ = {isa = PBXFileReference; lastKnownFileType = file.storyboard; name = Base; path = Base.lproj/LaunchScreen.storyboard; sourceTree = "<group>"; };
		40B2584224A115D80090495C /* Info.plist */ = {isa = PBXFileReference; lastKnownFileType = text.plist.xml; path = Info.plist; sourceTree = "<group>"; };
		40B2587724A12C5B0090495C /* UIViewControllerExtension.swift */ = {isa = PBXFileReference; lastKnownFileType = sourcecode.swift; path = UIViewControllerExtension.swift; sourceTree = "<group>"; };
		40B2587924A13D870090495C /* User.swift */ = {isa = PBXFileReference; lastKnownFileType = sourcecode.swift; path = User.swift; sourceTree = "<group>"; };
		40B2587B24A143910090495C /* UserController.swift */ = {isa = PBXFileReference; lastKnownFileType = sourcecode.swift; path = UserController.swift; sourceTree = "<group>"; };
		40B2587D24A1528D0090495C /* WhereToError.swift */ = {isa = PBXFileReference; lastKnownFileType = sourcecode.swift; path = WhereToError.swift; sourceTree = "<group>"; };
		40B2587F24A154800090495C /* LoginSignUpViewController.swift */ = {isa = PBXFileReference; lastKnownFileType = sourcecode.swift; path = LoginSignUpViewController.swift; sourceTree = "<group>"; };
		40B2588124A156460090495C /* TabViewHome.storyboard */ = {isa = PBXFileReference; lastKnownFileType = file.storyboard; path = TabViewHome.storyboard; sourceTree = "<group>"; };
		40B2588324A15CA20090495C /* GoogleService-Info.plist */ = {isa = PBXFileReference; fileEncoding = 4; lastKnownFileType = text.plist.xml; path = "GoogleService-Info.plist"; sourceTree = "<group>"; };
		40B2588524A16EDE0090495C /* FriendRequest.swift */ = {isa = PBXFileReference; lastKnownFileType = sourcecode.swift; path = FriendRequest.swift; sourceTree = "<group>"; };
		40B2588724A16EEC0090495C /* Restaurant.swift */ = {isa = PBXFileReference; lastKnownFileType = sourcecode.swift; path = Restaurant.swift; sourceTree = "<group>"; };
		40B2588924A16EF20090495C /* VotingSession.swift */ = {isa = PBXFileReference; lastKnownFileType = sourcecode.swift; path = VotingSession.swift; sourceTree = "<group>"; };
		40B2588B24A16EF70090495C /* Vote.swift */ = {isa = PBXFileReference; lastKnownFileType = sourcecode.swift; path = Vote.swift; sourceTree = "<group>"; };
		40B2588E24A16F0A0090495C /* FriendRequestController.swift */ = {isa = PBXFileReference; lastKnownFileType = sourcecode.swift; path = FriendRequestController.swift; sourceTree = "<group>"; };
		40B2589024A16F150090495C /* RestaurantController.swift */ = {isa = PBXFileReference; lastKnownFileType = sourcecode.swift; path = RestaurantController.swift; sourceTree = "<group>"; };
		40B2589224A16F1F0090495C /* VotingSessionController.swift */ = {isa = PBXFileReference; lastKnownFileType = sourcecode.swift; path = VotingSessionController.swift; sourceTree = "<group>"; };
		40B2589524A251BE0090495C /* RestaurantTableViewCell.swift */ = {isa = PBXFileReference; lastKnownFileType = sourcecode.swift; path = RestaurantTableViewCell.swift; sourceTree = "<group>"; };
		40B2589624A251BE0090495C /* RestaurantTableViewCell.xib */ = {isa = PBXFileReference; lastKnownFileType = file.xib; path = RestaurantTableViewCell.xib; sourceTree = "<group>"; };
		40B2589924A251C90090495C /* FriendTableViewCell.swift */ = {isa = PBXFileReference; lastKnownFileType = sourcecode.swift; path = FriendTableViewCell.swift; sourceTree = "<group>"; };
		40B258A324A253440090495C /* ProfileViewController.swift */ = {isa = PBXFileReference; lastKnownFileType = sourcecode.swift; path = ProfileViewController.swift; sourceTree = "<group>"; };
		40B258A524A253560090495C /* InviteFriendsTableViewController.swift */ = {isa = PBXFileReference; lastKnownFileType = sourcecode.swift; path = InviteFriendsTableViewController.swift; sourceTree = "<group>"; };
		40B258A724A253610090495C /* HistoryTableViewController.swift */ = {isa = PBXFileReference; lastKnownFileType = sourcecode.swift; path = HistoryTableViewController.swift; sourceTree = "<group>"; };
		40B258A924A253700090495C /* SavedRestaurantsTableViewController.swift */ = {isa = PBXFileReference; lastKnownFileType = sourcecode.swift; path = SavedRestaurantsTableViewController.swift; sourceTree = "<group>"; };
		40B258AB24A2537E0090495C /* VotingSessionTableViewController.swift */ = {isa = PBXFileReference; lastKnownFileType = sourcecode.swift; path = VotingSessionTableViewController.swift; sourceTree = "<group>"; };
		57C4430FA7DE0C832FCF4430 /* Pods-WhereTo.debug.xcconfig */ = {isa = PBXFileReference; includeInIndex = 1; lastKnownFileType = text.xcconfig; name = "Pods-WhereTo.debug.xcconfig"; path = "Target Support Files/Pods-WhereTo/Pods-WhereTo.debug.xcconfig"; sourceTree = "<group>"; };
		7830709424AAA6A4001876C5 /* RestaurantSearchViewController.swift */ = {isa = PBXFileReference; lastKnownFileType = sourcecode.swift; path = RestaurantSearchViewController.swift; sourceTree = "<group>"; };
		7830709624AACD24001876C5 /* SearchViewController.storyboard */ = {isa = PBXFileReference; fileEncoding = 4; lastKnownFileType = file.storyboard; path = SearchViewController.storyboard; sourceTree = "<group>"; };
		78508DB124A296BD00A525FF /* Profile.storyboard */ = {isa = PBXFileReference; fileEncoding = 4; lastKnownFileType = file.storyboard; path = Profile.storyboard; sourceTree = "<group>"; };
		78508DB324A296DB00A525FF /* History.storyboard */ = {isa = PBXFileReference; fileEncoding = 4; lastKnownFileType = file.storyboard; path = History.storyboard; sourceTree = "<group>"; };
		78508DB524A296FA00A525FF /* Favorites.storyboard */ = {isa = PBXFileReference; fileEncoding = 4; lastKnownFileType = file.storyboard; path = Favorites.storyboard; sourceTree = "<group>"; };
		78508DB724A2987900A525FF /* WhereTo.storyboard */ = {isa = PBXFileReference; fileEncoding = 4; lastKnownFileType = file.storyboard; path = WhereTo.storyboard; sourceTree = "<group>"; };
		786B5F2524ACF39200A3445F /* Colors.xcassets */ = {isa = PBXFileReference; lastKnownFileType = folder.assetcatalog; path = Colors.xcassets; sourceTree = "<group>"; };
		F4A020CE53683948133E3F08 /* Pods-WhereTo.release.xcconfig */ = {isa = PBXFileReference; includeInIndex = 1; lastKnownFileType = text.xcconfig; name = "Pods-WhereTo.release.xcconfig"; path = "Target Support Files/Pods-WhereTo/Pods-WhereTo.release.xcconfig"; sourceTree = "<group>"; };
/* End PBXFileReference section */

/* Begin PBXFrameworksBuildPhase section */
		40B2582E24A115D30090495C /* Frameworks */ = {
			isa = PBXFrameworksBuildPhase;
			buildActionMask = 2147483647;
			files = (
				BC8B5353175386317AFE3306 /* Pods_WhereTo.framework in Frameworks */,
			);
			runOnlyForDeploymentPostprocessing = 0;
		};
/* End PBXFrameworksBuildPhase section */

/* Begin PBXGroup section */
		21B3982E95DC4D6DECD6E25F /* Pods */ = {
			isa = PBXGroup;
			children = (
				57C4430FA7DE0C832FCF4430 /* Pods-WhereTo.debug.xcconfig */,
				F4A020CE53683948133E3F08 /* Pods-WhereTo.release.xcconfig */,
			);
			path = Pods;
			sourceTree = "<group>";
		};
		408D8A2B24ACE71A00238674 /* Custom ImageView */ = {
			isa = PBXGroup;
			children = (
				408D8A2F24ACE76000238674 /* CustomImageView.swift */,
			);
			path = "Custom ImageView";
			sourceTree = "<group>";
		};
		408D8A2C24ACE72000238674 /* Custom TextField */ = {
			isa = PBXGroup;
			children = (
				408D8A3124ACE77100238674 /* CustomTextField.swift */,
			);
			path = "Custom TextField";
			sourceTree = "<group>";
		};
		408D8A2D24ACE72800238674 /* Custom Buttons */ = {
			isa = PBXGroup;
			children = (
				408D8A3324ACE78200238674 /* CustomButton.swift */,
			);
			path = "Custom Buttons";
			sourceTree = "<group>";
		};
		408D8A2E24ACE73100238674 /* Custom Labels */ = {
			isa = PBXGroup;
			children = (
				408D8A3524ACE79000238674 /* CustomLabel.swift */,
			);
			path = "Custom Labels";
			sourceTree = "<group>";
		};
		40B2582824A115D30090495C = {
			isa = PBXGroup;
			children = (
				40B2583324A115D30090495C /* WhereTo */,
				40B2583224A115D30090495C /* Products */,
				21B3982E95DC4D6DECD6E25F /* Pods */,
				92C12A3E68CD3CB10D3C3D9F /* Frameworks */,
			);
			sourceTree = "<group>";
		};
		40B2583224A115D30090495C /* Products */ = {
			isa = PBXGroup;
			children = (
				40B2583124A115D30090495C /* WhereTo.app */,
			);
			name = Products;
			sourceTree = "<group>";
		};
		40B2583324A115D30090495C /* WhereTo */ = {
			isa = PBXGroup;
			children = (
				40B2585424A119B20090495C /* Models */,
				40B2585324A119AF0090495C /* Views */,
				40B2585224A119AD0090495C /* Controllers */,
				40B2585124A119A80090495C /* Helpers */,
				40B2585024A1198B0090495C /* Resources */,
			);
			path = WhereTo;
			sourceTree = "<group>";
		};
		40B2585024A1198B0090495C /* Resources */ = {
			isa = PBXGroup;
			children = (
				40B2583424A115D30090495C /* AppDelegate.swift */,
				40B2583624A115D30090495C /* SceneDelegate.swift */,
				40B2583D24A115D80090495C /* Assets.xcassets */,
				40B2583F24A115D80090495C /* LaunchScreen.storyboard */,
				40B2584224A115D80090495C /* Info.plist */,
				40B2588324A15CA20090495C /* GoogleService-Info.plist */,
				786B5F2524ACF39200A3445F /* Colors.xcassets */,
			);
			path = Resources;
			sourceTree = "<group>";
		};
		40B2585124A119A80090495C /* Helpers */ = {
			isa = PBXGroup;
			children = (
				408D8A2724ACE35700238674 /* StyleGuide.swift */,
				40B2587D24A1528D0090495C /* WhereToError.swift */,
				40B2587724A12C5B0090495C /* UIViewControllerExtension.swift */,
				4005A19D24AB91B300BE556F /* UIImageExtension.swift */,
			);
			path = Helpers;
			sourceTree = "<group>";
		};
		40B2585224A119AD0090495C /* Controllers */ = {
			isa = PBXGroup;
			children = (
				40B2585724A119C30090495C /* Model Controllers */,
				40B2585624A119BE0090495C /* View Controllers */,
			);
			path = Controllers;
			sourceTree = "<group>";
		};
		40B2585324A119AF0090495C /* Views */ = {
			isa = PBXGroup;
			children = (
				40B2583A24A115D30090495C /* Main.storyboard */,
				40B2588124A156460090495C /* TabViewHome.storyboard */,
				78508DB724A2987900A525FF /* WhereTo.storyboard */,
				401715B224A3E977002D86E0 /* VotingSession.storyboard */,
				78508DB524A296FA00A525FF /* Favorites.storyboard */,
				7830709624AACD24001876C5 /* SearchViewController.storyboard */,
				78508DB324A296DB00A525FF /* History.storyboard */,
				78508DB124A296BD00A525FF /* Profile.storyboard */,
				40B2585524A119B50090495C /* Custom Views */,
			);
			path = Views;
			sourceTree = "<group>";
		};
		40B2585424A119B20090495C /* Models */ = {
			isa = PBXGroup;
			children = (
				40B2587924A13D870090495C /* User.swift */,
				40B2588524A16EDE0090495C /* FriendRequest.swift */,
				40B2588724A16EEC0090495C /* Restaurant.swift */,
				40B2588924A16EF20090495C /* VotingSession.swift */,
				40B2588B24A16EF70090495C /* Vote.swift */,
				401715B424A41A56002D86E0 /* VotingSessionInvite.swift */,
			);
			path = Models;
			sourceTree = "<group>";
		};
		40B2585524A119B50090495C /* Custom Views */ = {
			isa = PBXGroup;
			children = (
				40B2589424A2519B0090495C /* Custom TableView Cells */,
				408D8A2E24ACE73100238674 /* Custom Labels */,
				408D8A2D24ACE72800238674 /* Custom Buttons */,
				408D8A2C24ACE72000238674 /* Custom TextField */,
				408D8A2B24ACE71A00238674 /* Custom ImageView */,
			);
			path = "Custom Views";
			sourceTree = "<group>";
		};
		40B2585624A119BE0090495C /* View Controllers */ = {
			isa = PBXGroup;
			children = (
				40B2587F24A154800090495C /* LoginSignUpViewController.swift */,
				40B258A324A253440090495C /* ProfileViewController.swift */,
				40B258A524A253560090495C /* InviteFriendsTableViewController.swift */,
				40B258A724A253610090495C /* HistoryTableViewController.swift */,
				40B258A924A253700090495C /* SavedRestaurantsTableViewController.swift */,
				401715B024A3E92C002D86E0 /* ActiveSessionsTableViewController.swift */,
				40B258AB24A2537E0090495C /* VotingSessionTableViewController.swift */,
				7830709424AAA6A4001876C5 /* RestaurantSearchViewController.swift */,
			);
			path = "View Controllers";
			sourceTree = "<group>";
		};
		40B2585724A119C30090495C /* Model Controllers */ = {
			isa = PBXGroup;
			children = (
				40B2587B24A143910090495C /* UserController.swift */,
				40B2588E24A16F0A0090495C /* FriendRequestController.swift */,
				40B2589024A16F150090495C /* RestaurantController.swift */,
				40B2589224A16F1F0090495C /* VotingSessionController.swift */,
			);
			path = "Model Controllers";
			sourceTree = "<group>";
		};
		40B2589424A2519B0090495C /* Custom TableView Cells */ = {
			isa = PBXGroup;
			children = (
				40B2589924A251C90090495C /* FriendTableViewCell.swift */,
				40B2589524A251BE0090495C /* RestaurantTableViewCell.swift */,
				40B2589624A251BE0090495C /* RestaurantTableViewCell.xib */,
			);
			path = "Custom TableView Cells";
			sourceTree = "<group>";
		};
		92C12A3E68CD3CB10D3C3D9F /* Frameworks */ = {
			isa = PBXGroup;
			children = (
				0C97E80CC5B8301C04493D6F /* Pods_WhereTo.framework */,
			);
			name = Frameworks;
			sourceTree = "<group>";
		};
/* End PBXGroup section */

/* Begin PBXNativeTarget section */
		40B2583024A115D30090495C /* WhereTo */ = {
			isa = PBXNativeTarget;
			buildConfigurationList = 40B2584524A115D80090495C /* Build configuration list for PBXNativeTarget "WhereTo" */;
			buildPhases = (
				F599CBC8D309B626348680ED /* [CP] Check Pods Manifest.lock */,
				40B2582D24A115D30090495C /* Sources */,
				40B2582E24A115D30090495C /* Frameworks */,
				40B2582F24A115D30090495C /* Resources */,
				85C8A479DFB0D29ABE5F4BED /* [CP] Embed Pods Frameworks */,
			);
			buildRules = (
			);
			dependencies = (
			);
			name = WhereTo;
			productName = WhereTo;
			productReference = 40B2583124A115D30090495C /* WhereTo.app */;
			productType = "com.apple.product-type.application";
		};
/* End PBXNativeTarget section */

/* Begin PBXProject section */
		40B2582924A115D30090495C /* Project object */ = {
			isa = PBXProject;
			attributes = {
				LastSwiftUpdateCheck = 1150;
				LastUpgradeCheck = 1150;
				ORGANIZATIONNAME = "Shannon Draeker";
				TargetAttributes = {
					40B2583024A115D30090495C = {
						CreatedOnToolsVersion = 11.5;
					};
				};
			};
			buildConfigurationList = 40B2582C24A115D30090495C /* Build configuration list for PBXProject "WhereTo" */;
			compatibilityVersion = "Xcode 9.3";
			developmentRegion = en;
			hasScannedForEncodings = 0;
			knownRegions = (
				en,
				Base,
			);
			mainGroup = 40B2582824A115D30090495C;
			productRefGroup = 40B2583224A115D30090495C /* Products */;
			projectDirPath = "";
			projectRoot = "";
			targets = (
				40B2583024A115D30090495C /* WhereTo */,
			);
		};
/* End PBXProject section */

/* Begin PBXResourcesBuildPhase section */
		40B2582F24A115D30090495C /* Resources */ = {
			isa = PBXResourcesBuildPhase;
			buildActionMask = 2147483647;
			files = (
				40B2584124A115D80090495C /* LaunchScreen.storyboard in Resources */,
				401715B324A3E977002D86E0 /* VotingSession.storyboard in Resources */,
				786B5F2624ACF39200A3445F /* Colors.xcassets in Resources */,
				40B2583E24A115D80090495C /* Assets.xcassets in Resources */,
				78508DB224A296BD00A525FF /* Profile.storyboard in Resources */,
				40B2588424A15CA20090495C /* GoogleService-Info.plist in Resources */,
				78508DB624A296FA00A525FF /* Favorites.storyboard in Resources */,
				40B2583C24A115D30090495C /* Main.storyboard in Resources */,
				40B2589824A251BE0090495C /* RestaurantTableViewCell.xib in Resources */,
				78508DB824A2987900A525FF /* WhereTo.storyboard in Resources */,
				40B2588224A156460090495C /* TabViewHome.storyboard in Resources */,
				78508DB424A296DB00A525FF /* History.storyboard in Resources */,
				7830709724AACD24001876C5 /* SearchViewController.storyboard in Resources */,
			);
			runOnlyForDeploymentPostprocessing = 0;
		};
/* End PBXResourcesBuildPhase section */

/* Begin PBXShellScriptBuildPhase section */
		85C8A479DFB0D29ABE5F4BED /* [CP] Embed Pods Frameworks */ = {
			isa = PBXShellScriptBuildPhase;
			buildActionMask = 2147483647;
			files = (
			);
			inputFileListPaths = (
				"${PODS_ROOT}/Target Support Files/Pods-WhereTo/Pods-WhereTo-frameworks-${CONFIGURATION}-input-files.xcfilelist",
			);
			name = "[CP] Embed Pods Frameworks";
			outputFileListPaths = (
				"${PODS_ROOT}/Target Support Files/Pods-WhereTo/Pods-WhereTo-frameworks-${CONFIGURATION}-output-files.xcfilelist",
			);
			runOnlyForDeploymentPostprocessing = 0;
			shellPath = /bin/sh;
			shellScript = "\"${PODS_ROOT}/Target Support Files/Pods-WhereTo/Pods-WhereTo-frameworks.sh\"\n";
			showEnvVarsInLog = 0;
		};
		F599CBC8D309B626348680ED /* [CP] Check Pods Manifest.lock */ = {
			isa = PBXShellScriptBuildPhase;
			buildActionMask = 2147483647;
			files = (
			);
			inputFileListPaths = (
			);
			inputPaths = (
				"${PODS_PODFILE_DIR_PATH}/Podfile.lock",
				"${PODS_ROOT}/Manifest.lock",
			);
			name = "[CP] Check Pods Manifest.lock";
			outputFileListPaths = (
			);
			outputPaths = (
				"$(DERIVED_FILE_DIR)/Pods-WhereTo-checkManifestLockResult.txt",
			);
			runOnlyForDeploymentPostprocessing = 0;
			shellPath = /bin/sh;
			shellScript = "diff \"${PODS_PODFILE_DIR_PATH}/Podfile.lock\" \"${PODS_ROOT}/Manifest.lock\" > /dev/null\nif [ $? != 0 ] ; then\n    # print error to STDERR\n    echo \"error: The sandbox is not in sync with the Podfile.lock. Run 'pod install' or update your CocoaPods installation.\" >&2\n    exit 1\nfi\n# This output is used by Xcode 'outputs' to avoid re-running this script phase.\necho \"SUCCESS\" > \"${SCRIPT_OUTPUT_FILE_0}\"\n";
			showEnvVarsInLog = 0;
		};
/* End PBXShellScriptBuildPhase section */

/* Begin PBXSourcesBuildPhase section */
		40B2582D24A115D30090495C /* Sources */ = {
			isa = PBXSourcesBuildPhase;
			buildActionMask = 2147483647;
			files = (
				408D8A3224ACE77100238674 /* CustomTextField.swift in Sources */,
				408D8A3624ACE79000238674 /* CustomLabel.swift in Sources */,
				40B258A624A253560090495C /* InviteFriendsTableViewController.swift in Sources */,
				408D8A3024ACE76000238674 /* CustomImageView.swift in Sources */,
				40B2587A24A13D870090495C /* User.swift in Sources */,
				408D8A3424ACE78200238674 /* CustomButton.swift in Sources */,
				40B2583524A115D30090495C /* AppDelegate.swift in Sources */,
				40B258A824A253610090495C /* HistoryTableViewController.swift in Sources */,
				40B2587C24A143910090495C /* UserController.swift in Sources */,
				40B2588A24A16EF20090495C /* VotingSession.swift in Sources */,
				40B2588024A154800090495C /* LoginSignUpViewController.swift in Sources */,
				40B258A424A253440090495C /* ProfileViewController.swift in Sources */,
				401715B124A3E92C002D86E0 /* ActiveSessionsTableViewController.swift in Sources */,
				40B2588F24A16F0A0090495C /* FriendRequestController.swift in Sources */,
				40B2587E24A1528D0090495C /* WhereToError.swift in Sources */,
				40B2589324A16F1F0090495C /* VotingSessionController.swift in Sources */,
				408D8A2824ACE35700238674 /* StyleGuide.swift in Sources */,
				7830709524AAA6A4001876C5 /* RestaurantSearchViewController.swift in Sources */,
				40B2583724A115D30090495C /* SceneDelegate.swift in Sources */,
				40B258AC24A2537E0090495C /* VotingSessionTableViewController.swift in Sources */,
				40B2589124A16F150090495C /* RestaurantController.swift in Sources */,
				40B2589724A251BE0090495C /* RestaurantTableViewCell.swift in Sources */,
				40B2587824A12C5B0090495C /* UIViewControllerExtension.swift in Sources */,
				40B2588624A16EDE0090495C /* FriendRequest.swift in Sources */,
				40B2588824A16EEC0090495C /* Restaurant.swift in Sources */,
				401715B524A41A57002D86E0 /* VotingSessionInvite.swift in Sources */,
				40B2588C24A16EF70090495C /* Vote.swift in Sources */,
				40B2589A24A251C90090495C /* FriendTableViewCell.swift in Sources */,
				40B258AA24A253700090495C /* SavedRestaurantsTableViewController.swift in Sources */,
				4005A19E24AB91B300BE556F /* UIImageExtension.swift in Sources */,
			);
			runOnlyForDeploymentPostprocessing = 0;
		};
/* End PBXSourcesBuildPhase section */

/* Begin PBXVariantGroup section */
		40B2583A24A115D30090495C /* Main.storyboard */ = {
			isa = PBXVariantGroup;
			children = (
				40B2583B24A115D30090495C /* Base */,
			);
			name = Main.storyboard;
			sourceTree = "<group>";
		};
		40B2583F24A115D80090495C /* LaunchScreen.storyboard */ = {
			isa = PBXVariantGroup;
			children = (
				40B2584024A115D80090495C /* Base */,
			);
			name = LaunchScreen.storyboard;
			sourceTree = "<group>";
		};
/* End PBXVariantGroup section */

/* Begin XCBuildConfiguration section */
		40B2584324A115D80090495C /* Debug */ = {
			isa = XCBuildConfiguration;
			buildSettings = {
				ALWAYS_SEARCH_USER_PATHS = NO;
				CLANG_ANALYZER_NONNULL = YES;
				CLANG_ANALYZER_NUMBER_OBJECT_CONVERSION = YES_AGGRESSIVE;
				CLANG_CXX_LANGUAGE_STANDARD = "gnu++14";
				CLANG_CXX_LIBRARY = "libc++";
				CLANG_ENABLE_MODULES = YES;
				CLANG_ENABLE_OBJC_ARC = YES;
				CLANG_ENABLE_OBJC_WEAK = YES;
				CLANG_WARN_BLOCK_CAPTURE_AUTORELEASING = YES;
				CLANG_WARN_BOOL_CONVERSION = YES;
				CLANG_WARN_COMMA = YES;
				CLANG_WARN_CONSTANT_CONVERSION = YES;
				CLANG_WARN_DEPRECATED_OBJC_IMPLEMENTATIONS = YES;
				CLANG_WARN_DIRECT_OBJC_ISA_USAGE = YES_ERROR;
				CLANG_WARN_DOCUMENTATION_COMMENTS = YES;
				CLANG_WARN_EMPTY_BODY = YES;
				CLANG_WARN_ENUM_CONVERSION = YES;
				CLANG_WARN_INFINITE_RECURSION = YES;
				CLANG_WARN_INT_CONVERSION = YES;
				CLANG_WARN_NON_LITERAL_NULL_CONVERSION = YES;
				CLANG_WARN_OBJC_IMPLICIT_RETAIN_SELF = YES;
				CLANG_WARN_OBJC_LITERAL_CONVERSION = YES;
				CLANG_WARN_OBJC_ROOT_CLASS = YES_ERROR;
				CLANG_WARN_RANGE_LOOP_ANALYSIS = YES;
				CLANG_WARN_STRICT_PROTOTYPES = YES;
				CLANG_WARN_SUSPICIOUS_MOVE = YES;
				CLANG_WARN_UNGUARDED_AVAILABILITY = YES_AGGRESSIVE;
				CLANG_WARN_UNREACHABLE_CODE = YES;
				CLANG_WARN__DUPLICATE_METHOD_MATCH = YES;
				COPY_PHASE_STRIP = NO;
				DEBUG_INFORMATION_FORMAT = dwarf;
				ENABLE_STRICT_OBJC_MSGSEND = YES;
				ENABLE_TESTABILITY = YES;
				GCC_C_LANGUAGE_STANDARD = gnu11;
				GCC_DYNAMIC_NO_PIC = NO;
				GCC_NO_COMMON_BLOCKS = YES;
				GCC_OPTIMIZATION_LEVEL = 0;
				GCC_PREPROCESSOR_DEFINITIONS = (
					"DEBUG=1",
					"$(inherited)",
				);
				GCC_WARN_64_TO_32_BIT_CONVERSION = YES;
				GCC_WARN_ABOUT_RETURN_TYPE = YES_ERROR;
				GCC_WARN_UNDECLARED_SELECTOR = YES;
				GCC_WARN_UNINITIALIZED_AUTOS = YES_AGGRESSIVE;
				GCC_WARN_UNUSED_FUNCTION = YES;
				GCC_WARN_UNUSED_VARIABLE = YES;
				IPHONEOS_DEPLOYMENT_TARGET = 13.4;
				MTL_ENABLE_DEBUG_INFO = INCLUDE_SOURCE;
				MTL_FAST_MATH = YES;
				ONLY_ACTIVE_ARCH = YES;
				SDKROOT = iphoneos;
				SWIFT_ACTIVE_COMPILATION_CONDITIONS = DEBUG;
				SWIFT_OPTIMIZATION_LEVEL = "-Onone";
			};
			name = Debug;
		};
		40B2584424A115D80090495C /* Release */ = {
			isa = XCBuildConfiguration;
			buildSettings = {
				ALWAYS_SEARCH_USER_PATHS = NO;
				CLANG_ANALYZER_NONNULL = YES;
				CLANG_ANALYZER_NUMBER_OBJECT_CONVERSION = YES_AGGRESSIVE;
				CLANG_CXX_LANGUAGE_STANDARD = "gnu++14";
				CLANG_CXX_LIBRARY = "libc++";
				CLANG_ENABLE_MODULES = YES;
				CLANG_ENABLE_OBJC_ARC = YES;
				CLANG_ENABLE_OBJC_WEAK = YES;
				CLANG_WARN_BLOCK_CAPTURE_AUTORELEASING = YES;
				CLANG_WARN_BOOL_CONVERSION = YES;
				CLANG_WARN_COMMA = YES;
				CLANG_WARN_CONSTANT_CONVERSION = YES;
				CLANG_WARN_DEPRECATED_OBJC_IMPLEMENTATIONS = YES;
				CLANG_WARN_DIRECT_OBJC_ISA_USAGE = YES_ERROR;
				CLANG_WARN_DOCUMENTATION_COMMENTS = YES;
				CLANG_WARN_EMPTY_BODY = YES;
				CLANG_WARN_ENUM_CONVERSION = YES;
				CLANG_WARN_INFINITE_RECURSION = YES;
				CLANG_WARN_INT_CONVERSION = YES;
				CLANG_WARN_NON_LITERAL_NULL_CONVERSION = YES;
				CLANG_WARN_OBJC_IMPLICIT_RETAIN_SELF = YES;
				CLANG_WARN_OBJC_LITERAL_CONVERSION = YES;
				CLANG_WARN_OBJC_ROOT_CLASS = YES_ERROR;
				CLANG_WARN_RANGE_LOOP_ANALYSIS = YES;
				CLANG_WARN_STRICT_PROTOTYPES = YES;
				CLANG_WARN_SUSPICIOUS_MOVE = YES;
				CLANG_WARN_UNGUARDED_AVAILABILITY = YES_AGGRESSIVE;
				CLANG_WARN_UNREACHABLE_CODE = YES;
				CLANG_WARN__DUPLICATE_METHOD_MATCH = YES;
				COPY_PHASE_STRIP = NO;
				DEBUG_INFORMATION_FORMAT = "dwarf-with-dsym";
				ENABLE_NS_ASSERTIONS = NO;
				ENABLE_STRICT_OBJC_MSGSEND = YES;
				GCC_C_LANGUAGE_STANDARD = gnu11;
				GCC_NO_COMMON_BLOCKS = YES;
				GCC_WARN_64_TO_32_BIT_CONVERSION = YES;
				GCC_WARN_ABOUT_RETURN_TYPE = YES_ERROR;
				GCC_WARN_UNDECLARED_SELECTOR = YES;
				GCC_WARN_UNINITIALIZED_AUTOS = YES_AGGRESSIVE;
				GCC_WARN_UNUSED_FUNCTION = YES;
				GCC_WARN_UNUSED_VARIABLE = YES;
				IPHONEOS_DEPLOYMENT_TARGET = 13.4;
				MTL_ENABLE_DEBUG_INFO = NO;
				MTL_FAST_MATH = YES;
				SDKROOT = iphoneos;
				SWIFT_COMPILATION_MODE = wholemodule;
				SWIFT_OPTIMIZATION_LEVEL = "-O";
				VALIDATE_PRODUCT = YES;
			};
			name = Release;
		};
		40B2584624A115D80090495C /* Debug */ = {
			isa = XCBuildConfiguration;
			baseConfigurationReference = 57C4430FA7DE0C832FCF4430 /* Pods-WhereTo.debug.xcconfig */;
			buildSettings = {
				ASSETCATALOG_COMPILER_APPICON_NAME = AppIcon;
				CODE_SIGN_STYLE = Automatic;
				DEVELOPMENT_TEAM = 6FR69MK7S5;
				INFOPLIST_FILE = WhereTo/Resources/Info.plist;
				LD_RUNPATH_SEARCH_PATHS = (
					"$(inherited)",
					"@executable_path/Frameworks",
				);
				PRODUCT_BUNDLE_IDENTIFIER = com.shannon.WhereTo;
				PRODUCT_NAME = "$(TARGET_NAME)";
				SWIFT_VERSION = 5.0;
				TARGETED_DEVICE_FAMILY = "1,2";
			};
			name = Debug;
		};
		40B2584724A115D80090495C /* Release */ = {
			isa = XCBuildConfiguration;
			baseConfigurationReference = F4A020CE53683948133E3F08 /* Pods-WhereTo.release.xcconfig */;
			buildSettings = {
				ASSETCATALOG_COMPILER_APPICON_NAME = AppIcon;
				CODE_SIGN_STYLE = Automatic;
				DEVELOPMENT_TEAM = 6FR69MK7S5;
				INFOPLIST_FILE = WhereTo/Resources/Info.plist;
				LD_RUNPATH_SEARCH_PATHS = (
					"$(inherited)",
					"@executable_path/Frameworks",
				);
				PRODUCT_BUNDLE_IDENTIFIER = com.shannon.WhereTo;
				PRODUCT_NAME = "$(TARGET_NAME)";
				SWIFT_VERSION = 5.0;
				TARGETED_DEVICE_FAMILY = "1,2";
			};
			name = Release;
		};
/* End XCBuildConfiguration section */

/* Begin XCConfigurationList section */
		40B2582C24A115D30090495C /* Build configuration list for PBXProject "WhereTo" */ = {
			isa = XCConfigurationList;
			buildConfigurations = (
				40B2584324A115D80090495C /* Debug */,
				40B2584424A115D80090495C /* Release */,
			);
			defaultConfigurationIsVisible = 0;
			defaultConfigurationName = Release;
		};
		40B2584524A115D80090495C /* Build configuration list for PBXNativeTarget "WhereTo" */ = {
			isa = XCConfigurationList;
			buildConfigurations = (
				40B2584624A115D80090495C /* Debug */,
				40B2584724A115D80090495C /* Release */,
			);
			defaultConfigurationIsVisible = 0;
			defaultConfigurationName = Release;
		};
/* End XCConfigurationList section */
	};
	rootObject = 40B2582924A115D30090495C /* Project object */;
}
